
Microsoft Visual Studio Solution File, Format Version 12.00
# Visual Studio Version 17
VisualStudioVersion = 17.13.35825.156 d17.13
MinimumVisualStudioVersion = 10.0.40219.1
Project("{FAE04EC0-301F-11D3-BF4B-00C04F79EFBC}") = "VisualProgramming", "VisualProgramming\VisualProgramming.csproj", "{153A2C1A-13AE-40B7-A55F-E25ACF25B43B}"
EndProject
Global
	GlobalSection(SolutionConfigurationPlatforms) = preSolution
		Debug|Any CPU = Debug|Any CPU
		Release|Any CPU = Release|Any CPU
	EndGlobalSection
	GlobalSection(ProjectConfigurationPlatforms) = postSolution
		{153A2C1A-13AE-40B7-A55F-E25ACF25B43B}.Debug|Any CPU.ActiveCfg = Debug|Any CPU
		{153A2C1A-13AE-40B7-A55F-E25ACF25B43B}.Debug|Any CPU.Build.0 = Debug|Any CPU
		{153A2C1A-13AE-40B7-A55F-E25ACF25B43B}.Release|Any CPU.ActiveCfg = Release|Any CPU
		{153A2C1A-13AE-40B7-A55F-E25ACF25B43B}.Release|Any CPU.Build.0 = Release|Any CPU
	EndGlobalSection
	GlobalSection(SolutionProperties) = preSolution
		HideSolutionNode = FALSE
	EndGlobalSection
	GlobalSection(ExtensibilityGlobals) = postSolution
		SolutionGuid = {EA45C0B7-9A9D-436B-B5E3-7627F0743ADA}
	EndGlobalSection
EndGlobal
